<?xml version="1.0" encoding="utf-8"?>
<Project ToolsVersion="4.0" xmlns="http://schemas.microsoft.com/developer/msbuild/2003">
  <ItemGroup>
    <Filter Include="Main">
      <UniqueIdentifier>{5863dec1-201d-4f66-bb0a-84a6c95b1e0c}</UniqueIdentifier>
    </Filter>
  </ItemGroup>
  <ItemGroup>
    <ClCompile Include="MemoryDebugMode.cpp">
      <Filter>Main</Filter>
    </ClCompile>
  </ItemGroup>
</Project>