<?xml version="1.0" encoding="utf-8"?>
<Project ToolsVersion="4.0" xmlns="http://schemas.microsoft.com/developer/msbuild/2003">
  <ItemGroup>
    <Filter Include="Main">
      <UniqueIdentifier>{560dd7a6-8746-421c-bd9e-9e035df7fa2b}</UniqueIdentifier>
    </Filter>
  </ItemGroup>
  <ItemGroup>
    <ClCompile Include="FileTime.cpp">
      <Filter>Main</Filter>
    </ClCompile>
  </ItemGroup>
</Project>