<?xml version="1.0" encoding="utf-8"?>
<Project ToolsVersion="4.0" xmlns="http://schemas.microsoft.com/developer/msbuild/2003">
  <ItemGroup>
    <Filter Include="Main">
      <UniqueIdentifier>{cb1e4ac3-c7c4-4c23-839b-cd87fda447d8}</UniqueIdentifier>
    </Filter>
    <Filter Include="Future">
      <UniqueIdentifier>{9aaec9db-08bd-4dc9-9ff9-6e22984d5e82}</UniqueIdentifier>
    </Filter>
  </ItemGroup>
  <ItemGroup>
    <ClCompile Include="Future.cpp">
      <Filter>Future</Filter>
    </ClCompile>
    <ClCompile Include="Main.cpp">
      <Filter>Main</Filter>
    </ClCompile>
  </ItemGroup>
  <ItemGroup>
    <ClInclude Include="Future.h">
      <Filter>Future</Filter>
    </ClInclude>
  </ItemGroup>
</Project>