<?xml version="1.0" encoding="utf-8"?>
<Project ToolsVersion="4.0" xmlns="http://schemas.microsoft.com/developer/msbuild/2003">
  <ItemGroup>
    <Filter Include="Library">
      <UniqueIdentifier>{bdda2523-dc48-417a-8ae9-7c6b54e636ab}</UniqueIdentifier>
    </Filter>
    <Filter Include="Game">
      <UniqueIdentifier>{4FC737F1-C7A5-4376-A066-2A32D752A2FF}</UniqueIdentifier>
      <Extensions>cpp;c;cc;cxx;c++;cppm;ixx;def;odl;idl;hpj;bat;asm;asmx</Extensions>
    </Filter>
  </ItemGroup>
  <ItemGroup>
    <ClCompile Include="StarServer.cpp">
      <Filter>Game</Filter>
    </ClCompile>
    <ClCompile Include="Main.cpp">
      <Filter>Game</Filter>
    </ClCompile>
    <ClCompile Include="RingBuffer.cpp">
      <Filter>Library</Filter>
    </ClCompile>
    <ClCompile Include="Console.cpp">
      <Filter>Library</Filter>
    </ClCompile>
  </ItemGroup>
  <ItemGroup>
    <ClInclude Include="Protocol.h">
      <Filter>Library</Filter>
    </ClInclude>
    <ClInclude Include="MyList.h">
      <Filter>Library</Filter>
    </ClInclude>
    <ClInclude Include="RingBuffer.h">
      <Filter>Library</Filter>
    </ClInclude>
    <ClInclude Include="Console.h">
      <Filter>Library</Filter>
    </ClInclude>
    <ClInclude Include="StarServer.h">
      <Filter>Game</Filter>
    </ClInclude>
  </ItemGroup>
</Project>