
Microsoft Visual Studio Solution File, Format Version 12.00
# Visual Studio Version 17
VisualStudioVersion = 17.6.33815.320
MinimumVisualStudioVersion = 10.0.40219.1
Project("{8BC9CEB8-8B4A-11D0-8D11-00A0C91BC942}") = "newDelete", "newDelete.vcxproj", "{4059644B-1B91-4C4D-87D5-7D755024E15F}"
EndProject
Global
	GlobalSection(SolutionConfigurationPlatforms) = preSolution
		Debug|x64 = Debug|x64
		Debug|x86 = Debug|x86
		Release|x64 = Release|x64
		Release|x86 = Release|x86
	EndGlobalSection
	GlobalSection(ProjectConfigurationPlatforms) = postSolution
		{4059644B-1B91-4C4D-87D5-7D755024E15F}.Debug|x64.ActiveCfg = Debug|x64
		{4059644B-1B91-4C4D-87D5-7D755024E15F}.Debug|x64.Build.0 = Debug|x64
		{4059644B-1B91-4C4D-87D5-7D755024E15F}.Debug|x86.ActiveCfg = Debug|Win32
		{4059644B-1B91-4C4D-87D5-7D755024E15F}.Debug|x86.Build.0 = Debug|Win32
		{4059644B-1B91-4C4D-87D5-7D755024E15F}.Release|x64.ActiveCfg = Release|x64
		{4059644B-1B91-4C4D-87D5-7D755024E15F}.Release|x64.Build.0 = Release|x64
		{4059644B-1B91-4C4D-87D5-7D755024E15F}.Release|x86.ActiveCfg = Release|Win32
		{4059644B-1B91-4C4D-87D5-7D755024E15F}.Release|x86.Build.0 = Release|Win32
	EndGlobalSection
	GlobalSection(SolutionProperties) = preSolution
		HideSolutionNode = FALSE
	EndGlobalSection
	GlobalSection(ExtensibilityGlobals) = postSolution
		SolutionGuid = {12DFFBEA-A8C5-434D-A0A3-EF5E8CDA0C4F}
	EndGlobalSection
EndGlobal
