<?xml version="1.0" encoding="utf-8"?>
<Project ToolsVersion="4.0" xmlns="http://schemas.microsoft.com/developer/msbuild/2003">
  <ItemGroup>
    <Filter Include="Main">
      <UniqueIdentifier>{4FC737F1-C7A5-4376-A066-2A32D752A2FF}</UniqueIdentifier>
      <Extensions>cpp;c;cc;cxx;c++;cppm;ixx;def;odl;idl;hpj;bat;asm;asmx</Extensions>
    </Filter>
    <Filter Include="Lib">
      <UniqueIdentifier>{93995380-89BD-4b04-88EB-625FBE52EBFB}</UniqueIdentifier>
      <Extensions>h;hh;hpp;hxx;h++;hm;inl;inc;ipp;xsd</Extensions>
    </Filter>
    <Filter Include="Game">
      <UniqueIdentifier>{b9f2dfd0-faeb-4a8a-a59f-c4f9c9a9f83c}</UniqueIdentifier>
    </Filter>
    <Filter Include="RPC">
      <UniqueIdentifier>{d6be3988-3dc7-4df0-b4fd-2ea81e00234d}</UniqueIdentifier>
    </Filter>
  </ItemGroup>
  <ItemGroup>
    <ClCompile Include="FighterServer.cpp">
      <Filter>Main</Filter>
    </ClCompile>
    <ClCompile Include="Main.cpp">
      <Filter>Main</Filter>
    </ClCompile>
    <ClCompile Include="RingBuffer.cpp">
      <Filter>Lib</Filter>
    </ClCompile>
    <ClCompile Include="Player.h">
      <Filter>Game</Filter>
    </ClCompile>
    <ClCompile Include="Player.cpp">
      <Filter>Game</Filter>
    </ClCompile>
    <ClCompile Include="Packet.cpp">
      <Filter>Lib</Filter>
    </ClCompile>
    <ClCompile Include="Proxy.cpp">
      <Filter>RPC</Filter>
    </ClCompile>
  </ItemGroup>
  <ItemGroup>
    <ClInclude Include="FighterServer.h">
      <Filter>Main</Filter>
    </ClInclude>
    <ClInclude Include="MyList.h">
      <Filter>Lib</Filter>
    </ClInclude>
    <ClInclude Include="RingBuffer.h">
      <Filter>Lib</Filter>
    </ClInclude>
    <ClInclude Include="Protocol.h">
      <Filter>Game</Filter>
    </ClInclude>
    <ClInclude Include="Direction.h">
      <Filter>Game</Filter>
    </ClInclude>
    <ClInclude Include="Packet.h">
      <Filter>Lib</Filter>
    </ClInclude>
    <ClInclude Include="Session.h">
      <Filter>Game</Filter>
    </ClInclude>
    <ClInclude Include="Message.h">
      <Filter>RPC</Filter>
    </ClInclude>
    <ClInclude Include="Proxy.h">
      <Filter>RPC</Filter>
    </ClInclude>
  </ItemGroup>
</Project>