
Microsoft Visual Studio Solution File, Format Version 12.00
# Visual Studio Version 17
VisualStudioVersion = 17.3.32929.385
MinimumVisualStudioVersion = 10.0.40219.1
Project("{8BC9CEB8-8B4A-11D0-8D11-00A0C91BC942}") = "FighterServer", "FighterServer.vcxproj", "{FB521910-B280-4507-84D1-C2F5C3873A57}"
EndProject
Global
	GlobalSection(SolutionConfigurationPlatforms) = preSolution
		Debug|x64 = Debug|x64
		Debug|x86 = Debug|x86
		Release|x64 = Release|x64
		Release|x86 = Release|x86
	EndGlobalSection
	GlobalSection(ProjectConfigurationPlatforms) = postSolution
		{FB521910-B280-4507-84D1-C2F5C3873A57}.Debug|x64.ActiveCfg = Debug|x64
		{FB521910-B280-4507-84D1-C2F5C3873A57}.Debug|x64.Build.0 = Debug|x64
		{FB521910-B280-4507-84D1-C2F5C3873A57}.Debug|x86.ActiveCfg = Debug|Win32
		{FB521910-B280-4507-84D1-C2F5C3873A57}.Debug|x86.Build.0 = Debug|Win32
		{FB521910-B280-4507-84D1-C2F5C3873A57}.Release|x64.ActiveCfg = Release|x64
		{FB521910-B280-4507-84D1-C2F5C3873A57}.Release|x64.Build.0 = Release|x64
		{FB521910-B280-4507-84D1-C2F5C3873A57}.Release|x86.ActiveCfg = Release|Win32
		{FB521910-B280-4507-84D1-C2F5C3873A57}.Release|x86.Build.0 = Release|Win32
	EndGlobalSection
	GlobalSection(SolutionProperties) = preSolution
		HideSolutionNode = FALSE
	EndGlobalSection
	GlobalSection(ExtensibilityGlobals) = postSolution
		SolutionGuid = {007B4408-D037-4738-84BB-6AF807C3F964}
	EndGlobalSection
EndGlobal
