
Microsoft Visual Studio Solution File, Format Version 12.00
# Visual Studio Version 17
VisualStudioVersion = 17.3.32804.467
MinimumVisualStudioVersion = 10.0.40219.1
Project("{8BC9CEB8-8B4A-11D0-8D11-00A0C91BC942}") = "TextParser", "TextParser.vcxproj", "{73BBC572-E8CC-476E-8CB0-E2F580792B37}"
EndProject
Global
	GlobalSection(SolutionConfigurationPlatforms) = preSolution
		Debug|x64 = Debug|x64
		Debug|x86 = Debug|x86
		Release|x64 = Release|x64
		Release|x86 = Release|x86
	EndGlobalSection
	GlobalSection(ProjectConfigurationPlatforms) = postSolution
		{73BBC572-E8CC-476E-8CB0-E2F580792B37}.Debug|x64.ActiveCfg = Debug|x64
		{73BBC572-E8CC-476E-8CB0-E2F580792B37}.Debug|x64.Build.0 = Debug|x64
		{73BBC572-E8CC-476E-8CB0-E2F580792B37}.Debug|x86.ActiveCfg = Debug|Win32
		{73BBC572-E8CC-476E-8CB0-E2F580792B37}.Debug|x86.Build.0 = Debug|Win32
		{73BBC572-E8CC-476E-8CB0-E2F580792B37}.Release|x64.ActiveCfg = Release|x64
		{73BBC572-E8CC-476E-8CB0-E2F580792B37}.Release|x64.Build.0 = Release|x64
		{73BBC572-E8CC-476E-8CB0-E2F580792B37}.Release|x86.ActiveCfg = Release|Win32
		{73BBC572-E8CC-476E-8CB0-E2F580792B37}.Release|x86.Build.0 = Release|Win32
	EndGlobalSection
	GlobalSection(SolutionProperties) = preSolution
		HideSolutionNode = FALSE
	EndGlobalSection
	GlobalSection(ExtensibilityGlobals) = postSolution
		SolutionGuid = {4F9CF8BA-2591-4EA6-AD92-7B9E34CA832B}
	EndGlobalSection
EndGlobal
